// !$*UTF8*$!
{
	archiveVersion = 1;
	classes = {
	};
	objectVersion = 46;
	objects = {

/* Begin PBXBuildFile section */
		032D2CE91DAEF43A00820209 /* AppDelegate.swift in Sources */ = {isa = PBXBuildFile; fileRef = 032D2CE81DAEF43A00820209 /* AppDelegate.swift */; };
		032D2CEB1DAEF43A00820209 /* ChatHistoryController.swift in Sources */ = {isa = PBXBuildFile; fileRef = 032D2CEA1DAEF43A00820209 /* ChatHistoryController.swift */; };
		032D2CEE1DAEF43A00820209 /* Main.storyboard in Resources */ = {isa = PBXBuildFile; fileRef = 032D2CEC1DAEF43A00820209 /* Main.storyboard */; };
		032D2CF11DAEF43A00820209 /* Roomie.xcdatamodeld in Sources */ = {isa = PBXBuildFile; fileRef = 032D2CEF1DAEF43A00820209 /* Roomie.xcdatamodeld */; };
		032D2CF31DAEF43A00820209 /* Assets.xcassets in Resources */ = {isa = PBXBuildFile; fileRef = 032D2CF21DAEF43A00820209 /* Assets.xcassets */; };
		032D2CF61DAEF43A00820209 /* LaunchScreen.storyboard in Resources */ = {isa = PBXBuildFile; fileRef = 032D2CF41DAEF43A00820209 /* LaunchScreen.storyboard */; };
		032D2CFE1DAEF7AC00820209 /* ChatController.swift in Sources */ = {isa = PBXBuildFile; fileRef = 032D2CFD1DAEF7AC00820209 /* ChatController.swift */; };
/* End PBXBuildFile section */

/* Begin PBXFileReference section */
		032D2CE51DAEF43A00820209 /* Roomie.app */ = {isa = PBXFileReference; explicitFileType = wrapper.application; includeInIndex = 0; path = Roomie.app; sourceTree = BUILT_PRODUCTS_DIR; };
		032D2CE81DAEF43A00820209 /* AppDelegate.swift */ = {isa = PBXFileReference; lastKnownFileType = sourcecode.swift; path = AppDelegate.swift; sourceTree = "<group>"; };
		032D2CEA1DAEF43A00820209 /* ChatHistoryController.swift */ = {isa = PBXFileReference; lastKnownFileType = sourcecode.swift; path = ChatHistoryController.swift; sourceTree = "<group>"; };
		032D2CED1DAEF43A00820209 /* Base */ = {isa = PBXFileReference; lastKnownFileType = file.storyboard; name = Base; path = Base.lproj/Main.storyboard; sourceTree = "<group>"; };
		032D2CF01DAEF43A00820209 /* Roomie.xcdatamodel */ = {isa = PBXFileReference; lastKnownFileType = wrapper.xcdatamodel; path = Roomie.xcdatamodel; sourceTree = "<group>"; };
		032D2CF21DAEF43A00820209 /* Assets.xcassets */ = {isa = PBXFileReference; lastKnownFileType = folder.assetcatalog; path = Assets.xcassets; sourceTree = "<group>"; };
		032D2CF51DAEF43A00820209 /* Base */ = {isa = PBXFileReference; lastKnownFileType = file.storyboard; name = Base; path = Base.lproj/LaunchScreen.storyboard; sourceTree = "<group>"; };
		032D2CF71DAEF43A00820209 /* Info.plist */ = {isa = PBXFileReference; lastKnownFileType = text.plist.xml; path = Info.plist; sourceTree = "<group>"; };
		032D2CFD1DAEF7AC00820209 /* ChatController.swift */ = {isa = PBXFileReference; fileEncoding = 4; lastKnownFileType = sourcecode.swift; path = ChatController.swift; sourceTree = "<group>"; };
/* End PBXFileReference section */

/* Begin PBXFrameworksBuildPhase section */
		032D2CE21DAEF43A00820209 /* Frameworks */ = {
			isa = PBXFrameworksBuildPhase;
			buildActionMask = 2147483647;
			files = (
			);
			runOnlyForDeploymentPostprocessing = 0;
		};
/* End PBXFrameworksBuildPhase section */

/* Begin PBXGroup section */
		032D2CDC1DAEF43A00820209 = {
			isa = PBXGroup;
			children = (
				032D2CE71DAEF43A00820209 /* Roomie */,
				032D2CE61DAEF43A00820209 /* Products */,
			);
			sourceTree = "<group>";
		};
		032D2CE61DAEF43A00820209 /* Products */ = {
			isa = PBXGroup;
			children = (
				032D2CE51DAEF43A00820209 /* Roomie.app */,
			);
			name = Products;
			sourceTree = "<group>";
		};
		032D2CE71DAEF43A00820209 /* Roomie */ = {
			isa = PBXGroup;
			children = (
				032D2CE81DAEF43A00820209 /* AppDelegate.swift */,
				032D2CEA1DAEF43A00820209 /* ChatHistoryController.swift */,
				032D2CFD1DAEF7AC00820209 /* ChatController.swift */,
				032D2CEC1DAEF43A00820209 /* Main.storyboard */,
				032D2CF21DAEF43A00820209 /* Assets.xcassets */,
				032D2CF41DAEF43A00820209 /* LaunchScreen.storyboard */,
				032D2CF71DAEF43A00820209 /* Info.plist */,
				032D2CEF1DAEF43A00820209 /* Roomie.xcdatamodeld */,
			);
			path = Roomie;
			sourceTree = "<group>";
		};
/* End PBXGroup section */

/* Begin PBXNativeTarget section */
		032D2CE41DAEF43A00820209 /* Roomie */ = {
			isa = PBXNativeTarget;
			buildConfigurationList = 032D2CFA1DAEF43A00820209 /* Build configuration list for PBXNativeTarget "Roomie" */;
			buildPhases = (
				032D2CE11DAEF43A00820209 /* Sources */,
				032D2CE21DAEF43A00820209 /* Frameworks */,
				032D2CE31DAEF43A00820209 /* Resources */,
			);
			buildRules = (
			);
			dependencies = (
			);
			name = Roomie;
			productName = Roomie;
			productReference = 032D2CE51DAEF43A00820209 /* Roomie.app */;
			productType = "com.apple.product-type.application";
		};
/* End PBXNativeTarget section */

/* Begin PBXProject section */
		032D2CDD1DAEF43A00820209 /* Project object */ = {
			isa = PBXProject;
			attributes = {
				LastSwiftUpdateCheck = 0730;
				LastUpgradeCheck = 0730;
				ORGANIZATIONNAME = Xmate;
				TargetAttributes = {
					032D2CE41DAEF43A00820209 = {
						CreatedOnToolsVersion = 7.3.1;
					};
				};
			};
			buildConfigurationList = 032D2CE01DAEF43A00820209 /* Build configuration list for PBXProject "Roomie" */;
			compatibilityVersion = "Xcode 3.2";
			developmentRegion = English;
			hasScannedForEncodings = 0;
			knownRegions = (
				en,
				Base,
			);
			mainGroup = 032D2CDC1DAEF43A00820209;
			productRefGroup = 032D2CE61DAEF43A00820209 /* Products */;
			projectDirPath = "";
			projectRoot = "";
			targets = (
				032D2CE41DAEF43A00820209 /* Roomie */,
			);
		};
/* End PBXProject section */

/* Begin PBXResourcesBuildPhase section */
		032D2CE31DAEF43A00820209 /* Resources */ = {
			isa = PBXResourcesBuildPhase;
			buildActionMask = 2147483647;
			files = (
				032D2CF61DAEF43A00820209 /* LaunchScreen.storyboard in Resources */,
				032D2CF31DAEF43A00820209 /* Assets.xcassets in Resources */,
				032D2CEE1DAEF43A00820209 /* Main.storyboard in Resources */,
			);
			runOnlyForDeploymentPostprocessing = 0;
		};
/* End PBXResourcesBuildPhase section */

/* Begin PBXSourcesBuildPhase section */
		032D2CE11DAEF43A00820209 /* Sources */ = {
			isa = PBXSourcesBuildPhase;
			buildActionMask = 2147483647;
			files = (
				032D2CF11DAEF43A00820209 /* Roomie.xcdatamodeld in Sources */,
				032D2CEB1DAEF43A00820209 /* ChatHistoryController.swift in Sources */,
				032D2CFE1DAEF7AC00820209 /* ChatController.swift in Sources */,
				032D2CE91DAEF43A00820209 /* AppDelegate.swift in Sources */,
			);
			runOnlyForDeploymentPostprocessing = 0;
		};
/* End PBXSourcesBuildPhase section */

/* Begin PBXVariantGroup section */
		032D2CEC1DAEF43A00820209 /* Main.storyboard */ = {
			isa = PBXVariantGroup;
			children = (
				032D2CED1DAEF43A00820209 /* Base */,
			);
			name = Main.storyboard;
			sourceTree = "<group>";
		};
		032D2CF41DAEF43A00820209 /* LaunchScreen.storyboard */ = {
			isa = PBXVariantGroup;
			children = (
				032D2CF51DAEF43A00820209 /* Base */,
			);
			name = LaunchScreen.storyboard;
			sourceTree = "<group>";
		};
/* End PBXVariantGroup section */

/* Begin XCBuildConfiguration section */
		032D2CF81DAEF43A00820209 /* Debug */ = {
			isa = XCBuildConfiguration;
			buildSettings = {
				ALWAYS_SEARCH_USER_PATHS = NO;
				CLANG_ANALYZER_NONNULL = YES;
				CLANG_CXX_LANGUAGE_STANDARD = "gnu++0x";
				CLANG_CXX_LIBRARY = "libc++";
				CLANG_ENABLE_MODULES = YES;
				CLANG_ENABLE_OBJC_ARC = YES;
				CLANG_WARN_BOOL_CONVERSION = YES;
				CLANG_WARN_CONSTANT_CONVERSION = YES;
				CLANG_WARN_DIRECT_OBJC_ISA_USAGE = YES_ERROR;
				CLANG_WARN_EMPTY_BODY = YES;
				CLANG_WARN_ENUM_CONVERSION = YES;
				CLANG_WARN_INT_CONVERSION = YES;
				CLANG_WARN_OBJC_ROOT_CLASS = YES_ERROR;
				CLANG_WARN_UNREACHABLE_CODE = YES;
				CLANG_WARN__DUPLICATE_METHOD_MATCH = YES;
				"CODE_SIGN_IDENTITY[sdk=iphoneos*]" = "iPhone Developer";
				COPY_PHASE_STRIP = NO;
				DEBUG_INFORMATION_FORMAT = dwarf;
				ENABLE_STRICT_OBJC_MSGSEND = YES;
				ENABLE_TESTABILITY = YES;
				GCC_C_LANGUAGE_STANDARD = gnu99;
				GCC_DYNAMIC_NO_PIC = NO;
				GCC_NO_COMMON_BLOCKS = YES;
				GCC_OPTIMIZATION_LEVEL = 0;
				GCC_PREPROCESSOR_DEFINITIONS = (
					"DEBUG=1",
					"$(inherited)",
				);
				GCC_WARN_64_TO_32_BIT_CONVERSION = YES;
				GCC_WARN_ABOUT_RETURN_TYPE = YES_ERROR;
				GCC_WARN_UNDECLARED_SELECTOR = YES;
				GCC_WARN_UNINITIALIZED_AUTOS = YES_AGGRESSIVE;
				GCC_WARN_UNUSED_FUNCTION = YES;
				GCC_WARN_UNUSED_VARIABLE = YES;
				IPHONEOS_DEPLOYMENT_TARGET = 9.3;
				MTL_ENABLE_DEBUG_INFO = YES;
				ONLY_ACTIVE_ARCH = YES;
				SDKROOT = iphoneos;
				SWIFT_OPTIMIZATION_LEVEL = "-Onone";
			};
			name = Debug;
		};
		032D2CF91DAEF43A00820209 /* Release */ = {
			isa = XCBuildConfiguration;
			buildSettings = {
				ALWAYS_SEARCH_USER_PATHS = NO;
				CLANG_ANALYZER_NONNULL = YES;
				CLANG_CXX_LANGUAGE_STANDARD = "gnu++0x";
				CLANG_CXX_LIBRARY = "libc++";
				CLANG_ENABLE_MODULES = YES;
				CLANG_ENABLE_OBJC_ARC = YES;
				CLANG_WARN_BOOL_CONVERSION = YES;
				CLANG_WARN_CONSTANT_CONVERSION = YES;
				CLANG_WARN_DIRECT_OBJC_ISA_USAGE = YES_ERROR;
				CLANG_WARN_EMPTY_BODY = YES;
				CLANG_WARN_ENUM_CONVERSION = YES;
				CLANG_WARN_INT_CONVERSION = YES;
				CLANG_WARN_OBJC_ROOT_CLASS = YES_ERROR;
				CLANG_WARN_UNREACHABLE_CODE = YES;
				CLANG_WARN__DUPLICATE_METHOD_MATCH = YES;
				"CODE_SIGN_IDENTITY[sdk=iphoneos*]" = "iPhone Developer";
				COPY_PHASE_STRIP = NO;
				DEBUG_INFORMATION_FORMAT = "dwarf-with-dsym";
				ENABLE_NS_ASSERTIONS = NO;
				ENABLE_STRICT_OBJC_MSGSEND = YES;
				GCC_C_LANGUAGE_STANDARD = gnu99;
				GCC_NO_COMMON_BLOCKS = YES;
				GCC_WARN_64_TO_32_BIT_CONVERSION = YES;
				GCC_WARN_ABOUT_RETURN_TYPE = YES_ERROR;
				GCC_WARN_UNDECLARED_SELECTOR = YES;
				GCC_WARN_UNINITIALIZED_AUTOS = YES_AGGRESSIVE;
				GCC_WARN_UNUSED_FUNCTION = YES;
				GCC_WARN_UNUSED_VARIABLE = YES;
				IPHONEOS_DEPLOYMENT_TARGET = 9.3;
				MTL_ENABLE_DEBUG_INFO = NO;
				SDKROOT = iphoneos;
				VALIDATE_PRODUCT = YES;
			};
			name = Release;
		};
		032D2CFB1DAEF43A00820209 /* Debug */ = {
			isa = XCBuildConfiguration;
			buildSettings = {
				ASSETCATALOG_COMPILER_APPICON_NAME = AppIcon;
				INFOPLIST_FILE = Roomie/Info.plist;
				LD_RUNPATH_SEARCH_PATHS = "$(inherited) @executable_path/Frameworks";
				PRODUCT_BUNDLE_IDENTIFIER = com.g.xmate.Roomie;
				PRODUCT_NAME = "$(TARGET_NAME)";
			};
			name = Debug;
		};
		032D2CFC1DAEF43A00820209 /* Release */ = {
			isa = XCBuildConfiguration;
			buildSettings = {
				ASSETCATALOG_COMPILER_APPICON_NAME = AppIcon;
				INFOPLIST_FILE = Roomie/Info.plist;
				LD_RUNPATH_SEARCH_PATHS = "$(inherited) @executable_path/Frameworks";
				PRODUCT_BUNDLE_IDENTIFIER = com.g.xmate.Roomie;
				PRODUCT_NAME = "$(TARGET_NAME)";
			};
			name = Release;
		};
/* End XCBuildConfiguration section */

/* Begin XCConfigurationList section */
		032D2CE01DAEF43A00820209 /* Build configuration list for PBXProject "Roomie" */ = {
			isa = XCConfigurationList;
			buildConfigurations = (
				032D2CF81DAEF43A00820209 /* Debug */,
				032D2CF91DAEF43A00820209 /* Release */,
			);
			defaultConfigurationIsVisible = 0;
			defaultConfigurationName = Release;
		};
		032D2CFA1DAEF43A00820209 /* Build configuration list for PBXNativeTarget "Roomie" */ = {
			isa = XCConfigurationList;
			buildConfigurations = (
				032D2CFB1DAEF43A00820209 /* Debug */,
				032D2CFC1DAEF43A00820209 /* Release */,
			);
			defaultConfigurationIsVisible = 0;
		};
/* End XCConfigurationList section */

/* Begin XCVersionGroup section */
		032D2CEF1DAEF43A00820209 /* Roomie.xcdatamodeld */ = {
			isa = XCVersionGroup;
			children = (
				032D2CF01DAEF43A00820209 /* Roomie.xcdatamodel */,
			);
			currentVersion = 032D2CF01DAEF43A00820209 /* Roomie.xcdatamodel */;
			path = Roomie.xcdatamodeld;
			sourceTree = "<group>";
			versionGroupType = wrapper.xcdatamodel;
		};
/* End XCVersionGroup section */
	};
	rootObject = 032D2CDD1DAEF43A00820209 /* Project object */;
}
